
Microsoft Visual Studio Solution File, Format Version 12.00
# Visual Studio 15
VisualStudioVersion = 15.0.28307.902
MinimumVisualStudioVersion = 10.0.40219.1
Project("{FAE04EC0-301F-11D3-BF4B-00C04F79EFBC}") = "SaasProdImport", "SaasProdImport\SaasProdImport.csproj", "{71B7905C-2F5F-4227-8AD2-67843FDE1F6A}"
EndProject
Project("{FAE04EC0-301F-11D3-BF4B-00C04F79EFBC}") = "SaasProdImport.UnitTests", "UnitTestProject1\SaasProdImport.UnitTests.csproj", "{DDA30C34-6059-48F2-8FA2-3E5CD23235F7}"
EndProject
Global
	GlobalSection(SolutionConfigurationPlatforms) = preSolution
		Debug|Any CPU = Debug|Any CPU
		Release|Any CPU = Release|Any CPU
	EndGlobalSection
	GlobalSection(ProjectConfigurationPlatforms) = postSolution
		{71B7905C-2F5F-4227-8AD2-67843FDE1F6A}.Debug|Any CPU.ActiveCfg = Debug|Any CPU
		{71B7905C-2F5F-4227-8AD2-67843FDE1F6A}.Debug|Any CPU.Build.0 = Debug|Any CPU
		{71B7905C-2F5F-4227-8AD2-67843FDE1F6A}.Release|Any CPU.ActiveCfg = Release|Any CPU
		{71B7905C-2F5F-4227-8AD2-67843FDE1F6A}.Release|Any CPU.Build.0 = Release|Any CPU
		{DDA30C34-6059-48F2-8FA2-3E5CD23235F7}.Debug|Any CPU.ActiveCfg = Debug|Any CPU
		{DDA30C34-6059-48F2-8FA2-3E5CD23235F7}.Debug|Any CPU.Build.0 = Debug|Any CPU
		{DDA30C34-6059-48F2-8FA2-3E5CD23235F7}.Release|Any CPU.ActiveCfg = Release|Any CPU
		{DDA30C34-6059-48F2-8FA2-3E5CD23235F7}.Release|Any CPU.Build.0 = Release|Any CPU
	EndGlobalSection
	GlobalSection(SolutionProperties) = preSolution
		HideSolutionNode = FALSE
	EndGlobalSection
	GlobalSection(ExtensibilityGlobals) = postSolution
		SolutionGuid = {E010B653-EDE4-45B6-8A0A-20714E63900E}
	EndGlobalSection
EndGlobal
